
Microsoft Visual Studio Solution File, Format Version 12.00
# Visual Studio Version 17
VisualStudioVersion = 17.1.32421.90
MinimumVisualStudioVersion = 10.0.40219.1
Project("{FAE04EC0-301F-11D3-BF4B-00C04F79EFBC}") = "ElevateSecurityInterview", "ElevateSecurityInterview\ElevateSecurityInterview.csproj", "{F9C28202-DBFC-43B1-93C9-1C9095FF1A6B}"
EndProject
Project("{FAE04EC0-301F-11D3-BF4B-00C04F79EFBC}") = "ElevateSecurityInterviewDriver", "ElevateSecurityInterviewDriver\ElevateSecurityInterviewDriver.csproj", "{CFE279DC-325C-4278-B07D-974C9BE82D34}"
EndProject
Global
	GlobalSection(SolutionConfigurationPlatforms) = preSolution
		Debug|Any CPU = Debug|Any CPU
		Release|Any CPU = Release|Any CPU
	EndGlobalSection
	GlobalSection(ProjectConfigurationPlatforms) = postSolution
		{F9C28202-DBFC-43B1-93C9-1C9095FF1A6B}.Debug|Any CPU.ActiveCfg = Debug|Any CPU
		{F9C28202-DBFC-43B1-93C9-1C9095FF1A6B}.Debug|Any CPU.Build.0 = Debug|Any CPU
		{F9C28202-DBFC-43B1-93C9-1C9095FF1A6B}.Release|Any CPU.ActiveCfg = Release|Any CPU
		{F9C28202-DBFC-43B1-93C9-1C9095FF1A6B}.Release|Any CPU.Build.0 = Release|Any CPU
		{CFE279DC-325C-4278-B07D-974C9BE82D34}.Debug|Any CPU.ActiveCfg = Debug|Any CPU
		{CFE279DC-325C-4278-B07D-974C9BE82D34}.Debug|Any CPU.Build.0 = Debug|Any CPU
		{CFE279DC-325C-4278-B07D-974C9BE82D34}.Release|Any CPU.ActiveCfg = Release|Any CPU
		{CFE279DC-325C-4278-B07D-974C9BE82D34}.Release|Any CPU.Build.0 = Release|Any CPU
	EndGlobalSection
	GlobalSection(SolutionProperties) = preSolution
		HideSolutionNode = FALSE
	EndGlobalSection
	GlobalSection(ExtensibilityGlobals) = postSolution
		SolutionGuid = {04D15A7A-2925-4F89-AAD4-1341ACC0D808}
	EndGlobalSection
EndGlobal
